PODS:
  - CSV.swift (2.4.2)
  - SwiftFormat/CLI (0.43.5)

DEPENDENCIES:
  - CSV.swift
  - SwiftFormat/CLI

SPEC REPOS:
  trunk:
    - CSV.swift
    - SwiftFormat

SPEC CHECKSUMS:
  CSV.swift: 9670cc1b3e3f01e9eebb1aeb603b17b4459e7493
  SwiftFormat: 352ea545e3e13cfd7a449e621c1f3c2e244d4906

PODFILE CHECKSUM: a0f0a2f6f83d27bf3e33db34c31e78fa409078b6

COCOAPODS: 1.8.4
